// !$*UTF8*$!
{
	archiveVersion = 1;
	classes = {
	};
	objectVersion = 55;
	objects = {

/* Begin PBXBuildFile section */
		3AED7F0E2733446E00369472 /* AppDelegate.swift in Sources */ = {isa = PBXBuildFile; fileRef = 3AED7F0D2733446E00369472 /* AppDelegate.swift */; };
		3AED7F102733446E00369472 /* SceneDelegate.swift in Sources */ = {isa = PBXBuildFile; fileRef = 3AED7F0F2733446E00369472 /* SceneDelegate.swift */; };
		3AED7F122733446E00369472 /* ViewController.swift in Sources */ = {isa = PBXBuildFile; fileRef = 3AED7F112733446E00369472 /* ViewController.swift */; };
		3AED7F152733446E00369472 /* Main.storyboard in Resources */ = {isa = PBXBuildFile; fileRef = 3AED7F132733446E00369472 /* Main.storyboard */; };
		3AED7F172733446F00369472 /* Assets.xcassets in Resources */ = {isa = PBXBuildFile; fileRef = 3AED7F162733446F00369472 /* Assets.xcassets */; };
		3AED7F1A2733446F00369472 /* LaunchScreen.storyboard in Resources */ = {isa = PBXBuildFile; fileRef = 3AED7F182733446F00369472 /* LaunchScreen.storyboard */; };
		3AED7F252733446F00369472 /* BookstoreTests.swift in Sources */ = {isa = PBXBuildFile; fileRef = 3AED7F242733446F00369472 /* BookstoreTests.swift */; };
		3AED7F2F2733446F00369472 /* BookstoreUITests.swift in Sources */ = {isa = PBXBuildFile; fileRef = 3AED7F2E2733446F00369472 /* BookstoreUITests.swift */; };
		3AED7F312733446F00369472 /* BookstoreUITestsLaunchTests.swift in Sources */ = {isa = PBXBuildFile; fileRef = 3AED7F302733446F00369472 /* BookstoreUITestsLaunchTests.swift */; };
/* End PBXBuildFile section */

/* Begin PBXContainerItemProxy section */
		3AED7F212733446F00369472 /* PBXContainerItemProxy */ = {
			isa = PBXContainerItemProxy;
			containerPortal = 3AED7F022733446E00369472 /* Project object */;
			proxyType = 1;
			remoteGlobalIDString = 3AED7F092733446E00369472;
			remoteInfo = Bookstore;
		};
		3AED7F2B2733446F00369472 /* PBXContainerItemProxy */ = {
			isa = PBXContainerItemProxy;
			containerPortal = 3AED7F022733446E00369472 /* Project object */;
			proxyType = 1;
			remoteGlobalIDString = 3AED7F092733446E00369472;
			remoteInfo = Bookstore;
		};
/* End PBXContainerItemProxy section */

/* Begin PBXFileReference section */
		3AED7F0A2733446E00369472 /* Bookstore.app */ = {isa = PBXFileReference; explicitFileType = wrapper.application; includeInIndex = 0; path = Bookstore.app; sourceTree = BUILT_PRODUCTS_DIR; };
		3AED7F0D2733446E00369472 /* AppDelegate.swift */ = {isa = PBXFileReference; lastKnownFileType = sourcecode.swift; path = AppDelegate.swift; sourceTree = "<group>"; };
		3AED7F0F2733446E00369472 /* SceneDelegate.swift */ = {isa = PBXFileReference; lastKnownFileType = sourcecode.swift; path = SceneDelegate.swift; sourceTree = "<group>"; };
		3AED7F112733446E00369472 /* ViewController.swift */ = {isa = PBXFileReference; lastKnownFileType = sourcecode.swift; path = ViewController.swift; sourceTree = "<group>"; };
		3AED7F142733446E00369472 /* Base */ = {isa = PBXFileReference; lastKnownFileType = file.storyboard; name = Base; path = Base.lproj/Main.storyboard; sourceTree = "<group>"; };
		3AED7F162733446F00369472 /* Assets.xcassets */ = {isa = PBXFileReference; lastKnownFileType = folder.assetcatalog; path = Assets.xcassets; sourceTree = "<group>"; };
		3AED7F192733446F00369472 /* Base */ = {isa = PBXFileReference; lastKnownFileType = file.storyboard; name = Base; path = Base.lproj/LaunchScreen.storyboard; sourceTree = "<group>"; };
		3AED7F1B2733446F00369472 /* Info.plist */ = {isa = PBXFileReference; lastKnownFileType = text.plist.xml; path = Info.plist; sourceTree = "<group>"; };
		3AED7F202733446F00369472 /* BookstoreTests.xctest */ = {isa = PBXFileReference; explicitFileType = wrapper.cfbundle; includeInIndex = 0; path = BookstoreTests.xctest; sourceTree = BUILT_PRODUCTS_DIR; };
		3AED7F242733446F00369472 /* BookstoreTests.swift */ = {isa = PBXFileReference; lastKnownFileType = sourcecode.swift; path = BookstoreTests.swift; sourceTree = "<group>"; };
		3AED7F2A2733446F00369472 /* BookstoreUITests.xctest */ = {isa = PBXFileReference; explicitFileType = wrapper.cfbundle; includeInIndex = 0; path = BookstoreUITests.xctest; sourceTree = BUILT_PRODUCTS_DIR; };
		3AED7F2E2733446F00369472 /* BookstoreUITests.swift */ = {isa = PBXFileReference; lastKnownFileType = sourcecode.swift; path = BookstoreUITests.swift; sourceTree = "<group>"; };
		3AED7F302733446F00369472 /* BookstoreUITestsLaunchTests.swift */ = {isa = PBXFileReference; lastKnownFileType = sourcecode.swift; path = BookstoreUITestsLaunchTests.swift; sourceTree = "<group>"; };
/* End PBXFileReference section */

/* Begin PBXFrameworksBuildPhase section */
		3AED7F072733446E00369472 /* Frameworks */ = {
			isa = PBXFrameworksBuildPhase;
			buildActionMask = 2147483647;
			files = (
			);
			runOnlyForDeploymentPostprocessing = 0;
		};
		3AED7F1D2733446F00369472 /* Frameworks */ = {
			isa = PBXFrameworksBuildPhase;
			buildActionMask = 2147483647;
			files = (
			);
			runOnlyForDeploymentPostprocessing = 0;
		};
		3AED7F272733446F00369472 /* Frameworks */ = {
			isa = PBXFrameworksBuildPhase;
			buildActionMask = 2147483647;
			files = (
			);
			runOnlyForDeploymentPostprocessing = 0;
		};
/* End PBXFrameworksBuildPhase section */

/* Begin PBXGroup section */
		3AED7F012733446E00369472 = {
			isa = PBXGroup;
			children = (
				3AED7F0C2733446E00369472 /* Bookstore */,
				3AED7F232733446F00369472 /* BookstoreTests */,
				3AED7F2D2733446F00369472 /* BookstoreUITests */,
				3AED7F0B2733446E00369472 /* Products */,
			);
			sourceTree = "<group>";
		};
		3AED7F0B2733446E00369472 /* Products */ = {
			isa = PBXGroup;
			children = (
				3AED7F0A2733446E00369472 /* Bookstore.app */,
				3AED7F202733446F00369472 /* BookstoreTests.xctest */,
				3AED7F2A2733446F00369472 /* BookstoreUITests.xctest */,
			);
			name = Products;
			sourceTree = "<group>";
		};
		3AED7F0C2733446E00369472 /* Bookstore */ = {
			isa = PBXGroup;
			children = (
				3AED7F0D2733446E00369472 /* AppDelegate.swift */,
				3AED7F0F2733446E00369472 /* SceneDelegate.swift */,
				3AED7F112733446E00369472 /* ViewController.swift */,
				3AED7F132733446E00369472 /* Main.storyboard */,
				3AED7F162733446F00369472 /* Assets.xcassets */,
				3AED7F182733446F00369472 /* LaunchScreen.storyboard */,
				3AED7F1B2733446F00369472 /* Info.plist */,
			);
			path = Bookstore;
			sourceTree = "<group>";
		};
		3AED7F232733446F00369472 /* BookstoreTests */ = {
			isa = PBXGroup;
			children = (
				3AED7F242733446F00369472 /* BookstoreTests.swift */,
			);
			path = BookstoreTests;
			sourceTree = "<group>";
		};
		3AED7F2D2733446F00369472 /* BookstoreUITests */ = {
			isa = PBXGroup;
			children = (
				3AED7F2E2733446F00369472 /* BookstoreUITests.swift */,
				3AED7F302733446F00369472 /* BookstoreUITestsLaunchTests.swift */,
			);
			path = BookstoreUITests;
			sourceTree = "<group>";
		};
/* End PBXGroup section */

/* Begin PBXNativeTarget section */
		3AED7F092733446E00369472 /* Bookstore */ = {
			isa = PBXNativeTarget;
			buildConfigurationList = 3AED7F342733446F00369472 /* Build configuration list for PBXNativeTarget "Bookstore" */;
			buildPhases = (
				3AED7F062733446E00369472 /* Sources */,
				3AED7F072733446E00369472 /* Frameworks */,
				3AED7F082733446E00369472 /* Resources */,
			);
			buildRules = (
			);
			dependencies = (
			);
			name = Bookstore;
			productName = Bookstore;
			productReference = 3AED7F0A2733446E00369472 /* Bookstore.app */;
			productType = "com.apple.product-type.application";
		};
		3AED7F1F2733446F00369472 /* BookstoreTests */ = {
			isa = PBXNativeTarget;
			buildConfigurationList = 3AED7F372733446F00369472 /* Build configuration list for PBXNativeTarget "BookstoreTests" */;
			buildPhases = (
				3AED7F1C2733446F00369472 /* Sources */,
				3AED7F1D2733446F00369472 /* Frameworks */,
				3AED7F1E2733446F00369472 /* Resources */,
			);
			buildRules = (
			);
			dependencies = (
				3AED7F222733446F00369472 /* PBXTargetDependency */,
			);
			name = BookstoreTests;
			productName = BookstoreTests;
			productReference = 3AED7F202733446F00369472 /* BookstoreTests.xctest */;
			productType = "com.apple.product-type.bundle.unit-test";
		};
		3AED7F292733446F00369472 /* BookstoreUITests */ = {
			isa = PBXNativeTarget;
			buildConfigurationList = 3AED7F3A2733446F00369472 /* Build configuration list for PBXNativeTarget "BookstoreUITests" */;
			buildPhases = (
				3AED7F262733446F00369472 /* Sources */,
				3AED7F272733446F00369472 /* Frameworks */,
				3AED7F282733446F00369472 /* Resources */,
			);
			buildRules = (
			);
			dependencies = (
				3AED7F2C2733446F00369472 /* PBXTargetDependency */,
			);
			name = BookstoreUITests;
			productName = BookstoreUITests;
			productReference = 3AED7F2A2733446F00369472 /* BookstoreUITests.xctest */;
			productType = "com.apple.product-type.bundle.ui-testing";
		};
/* End PBXNativeTarget section */

/* Begin PBXProject section */
		3AED7F022733446E00369472 /* Project object */ = {
			isa = PBXProject;
			attributes = {
				BuildIndependentTargetsInParallel = 1;
				LastSwiftUpdateCheck = 1300;
				LastUpgradeCheck = 1300;
				TargetAttributes = {
					3AED7F092733446E00369472 = {
						CreatedOnToolsVersion = 13.0;
					};
					3AED7F1F2733446F00369472 = {
						CreatedOnToolsVersion = 13.0;
						TestTargetID = 3AED7F092733446E00369472;
					};
					3AED7F292733446F00369472 = {
						CreatedOnToolsVersion = 13.0;
						TestTargetID = 3AED7F092733446E00369472;
					};
				};
			};
			buildConfigurationList = 3AED7F052733446E00369472 /* Build configuration list for PBXProject "Bookstore" */;
			compatibilityVersion = "Xcode 13.0";
			developmentRegion = en;
			hasScannedForEncodings = 0;
			knownRegions = (
				en,
				Base,
			);
			mainGroup = 3AED7F012733446E00369472;
			productRefGroup = 3AED7F0B2733446E00369472 /* Products */;
			projectDirPath = "";
			projectRoot = "";
			targets = (
				3AED7F092733446E00369472 /* Bookstore */,
				3AED7F1F2733446F00369472 /* BookstoreTests */,
				3AED7F292733446F00369472 /* BookstoreUITests */,
			);
		};
/* End PBXProject section */

/* Begin PBXResourcesBuildPhase section */
		3AED7F082733446E00369472 /* Resources */ = {
			isa = PBXResourcesBuildPhase;
			buildActionMask = 2147483647;
			files = (
				3AED7F1A2733446F00369472 /* LaunchScreen.storyboard in Resources */,
				3AED7F172733446F00369472 /* Assets.xcassets in Resources */,
				3AED7F152733446E00369472 /* Main.storyboard in Resources */,
			);
			runOnlyForDeploymentPostprocessing = 0;
		};
		3AED7F1E2733446F00369472 /* Resources */ = {
			isa = PBXResourcesBuildPhase;
			buildActionMask = 2147483647;
			files = (
			);
			runOnlyForDeploymentPostprocessing = 0;
		};
		3AED7F282733446F00369472 /* Resources */ = {
			isa = PBXResourcesBuildPhase;
			buildActionMask = 2147483647;
			files = (
			);
			runOnlyForDeploymentPostprocessing = 0;
		};
/* End PBXResourcesBuildPhase section */

/* Begin PBXSourcesBuildPhase section */
		3AED7F062733446E00369472 /* Sources */ = {
			isa = PBXSourcesBuildPhase;
			buildActionMask = 2147483647;
			files = (
				3AED7F122733446E00369472 /* ViewController.swift in Sources */,
				3AED7F0E2733446E00369472 /* AppDelegate.swift in Sources */,
				3AED7F102733446E00369472 /* SceneDelegate.swift in Sources */,
			);
			runOnlyForDeploymentPostprocessing = 0;
		};
		3AED7F1C2733446F00369472 /* Sources */ = {
			isa = PBXSourcesBuildPhase;
			buildActionMask = 2147483647;
			files = (
				3AED7F252733446F00369472 /* BookstoreTests.swift in Sources */,
			);
			runOnlyForDeploymentPostprocessing = 0;
		};
		3AED7F262733446F00369472 /* Sources */ = {
			isa = PBXSourcesBuildPhase;
			buildActionMask = 2147483647;
			files = (
				3AED7F2F2733446F00369472 /* BookstoreUITests.swift in Sources */,
				3AED7F312733446F00369472 /* BookstoreUITestsLaunchTests.swift in Sources */,
			);
			runOnlyForDeploymentPostprocessing = 0;
		};
/* End PBXSourcesBuildPhase section */

/* Begin PBXTargetDependency section */
		3AED7F222733446F00369472 /* PBXTargetDependency */ = {
			isa = PBXTargetDependency;
			target = 3AED7F092733446E00369472 /* Bookstore */;
			targetProxy = 3AED7F212733446F00369472 /* PBXContainerItemProxy */;
		};
		3AED7F2C2733446F00369472 /* PBXTargetDependency */ = {
			isa = PBXTargetDependency;
			target = 3AED7F092733446E00369472 /* Bookstore */;
			targetProxy = 3AED7F2B2733446F00369472 /* PBXContainerItemProxy */;
		};
/* End PBXTargetDependency section */

/* Begin PBXVariantGroup section */
		3AED7F132733446E00369472 /* Main.storyboard */ = {
			isa = PBXVariantGroup;
			children = (
				3AED7F142733446E00369472 /* Base */,
			);
			name = Main.storyboard;
			sourceTree = "<group>";
		};
		3AED7F182733446F00369472 /* LaunchScreen.storyboard */ = {
			isa = PBXVariantGroup;
			children = (
				3AED7F192733446F00369472 /* Base */,
			);
			name = LaunchScreen.storyboard;
			sourceTree = "<group>";
		};
/* End PBXVariantGroup section */

/* Begin XCBuildConfiguration section */
		3AED7F322733446F00369472 /* Debug */ = {
			isa = XCBuildConfiguration;
			buildSettings = {
				ALWAYS_SEARCH_USER_PATHS = NO;
				CLANG_ANALYZER_NONNULL = YES;
				CLANG_ANALYZER_NUMBER_OBJECT_CONVERSION = YES_AGGRESSIVE;
				CLANG_CXX_LANGUAGE_STANDARD = "gnu++17";
				CLANG_CXX_LIBRARY = "libc++";
				CLANG_ENABLE_MODULES = YES;
				CLANG_ENABLE_OBJC_ARC = YES;
				CLANG_ENABLE_OBJC_WEAK = YES;
				CLANG_WARN_BLOCK_CAPTURE_AUTORELEASING = YES;
				CLANG_WARN_BOOL_CONVERSION = YES;
				CLANG_WARN_COMMA = YES;
				CLANG_WARN_CONSTANT_CONVERSION = YES;
				CLANG_WARN_DEPRECATED_OBJC_IMPLEMENTATIONS = YES;
				CLANG_WARN_DIRECT_OBJC_ISA_USAGE = YES_ERROR;
				CLANG_WARN_DOCUMENTATION_COMMENTS = YES;
				CLANG_WARN_EMPTY_BODY = YES;
				CLANG_WARN_ENUM_CONVERSION = YES;
				CLANG_WARN_INFINITE_RECURSION = YES;
				CLANG_WARN_INT_CONVERSION = YES;
				CLANG_WARN_NON_LITERAL_NULL_CONVERSION = YES;
				CLANG_WARN_OBJC_IMPLICIT_RETAIN_SELF = YES;
				CLANG_WARN_OBJC_LITERAL_CONVERSION = YES;
				CLANG_WARN_OBJC_ROOT_CLASS = YES_ERROR;
				CLANG_WARN_QUOTED_INCLUDE_IN_FRAMEWORK_HEADER = YES;
				CLANG_WARN_RANGE_LOOP_ANALYSIS = YES;
				CLANG_WARN_STRICT_PROTOTYPES = YES;
				CLANG_WARN_SUSPICIOUS_MOVE = YES;
				CLANG_WARN_UNGUARDED_AVAILABILITY = YES_AGGRESSIVE;
				CLANG_WARN_UNREACHABLE_CODE = YES;
				CLANG_WARN__DUPLICATE_METHOD_MATCH = YES;
				COPY_PHASE_STRIP = NO;
				DEBUG_INFORMATION_FORMAT = dwarf;
				ENABLE_STRICT_OBJC_MSGSEND = YES;
				ENABLE_TESTABILITY = YES;
				GCC_C_LANGUAGE_STANDARD = gnu11;
				GCC_DYNAMIC_NO_PIC = NO;
				GCC_NO_COMMON_BLOCKS = YES;
				GCC_OPTIMIZATION_LEVEL = 0;
				GCC_PREPROCESSOR_DEFINITIONS = (
					"DEBUG=1",
					"$(inherited)",
				);
				GCC_WARN_64_TO_32_BIT_CONVERSION = YES;
				GCC_WARN_ABOUT_RETURN_TYPE = YES_ERROR;
				GCC_WARN_UNDECLARED_SELECTOR = YES;
				GCC_WARN_UNINITIALIZED_AUTOS = YES_AGGRESSIVE;
				GCC_WARN_UNUSED_FUNCTION = YES;
				GCC_WARN_UNUSED_VARIABLE = YES;
				IPHONEOS_DEPLOYMENT_TARGET = 15.0;
				MTL_ENABLE_DEBUG_INFO = INCLUDE_SOURCE;
				MTL_FAST_MATH = YES;
				ONLY_ACTIVE_ARCH = YES;
				SDKROOT = iphoneos;
				SWIFT_ACTIVE_COMPILATION_CONDITIONS = DEBUG;
				SWIFT_OPTIMIZATION_LEVEL = "-Onone";
			};
			name = Debug;
		};
		3AED7F332733446F00369472 /* Release */ = {
			isa = XCBuildConfiguration;
			buildSettings = {
				ALWAYS_SEARCH_USER_PATHS = NO;
				CLANG_ANALYZER_NONNULL = YES;
				CLANG_ANALYZER_NUMBER_OBJECT_CONVERSION = YES_AGGRESSIVE;
				CLANG_CXX_LANGUAGE_STANDARD = "gnu++17";
				CLANG_CXX_LIBRARY = "libc++";
				CLANG_ENABLE_MODULES = YES;
				CLANG_ENABLE_OBJC_ARC = YES;
				CLANG_ENABLE_OBJC_WEAK = YES;
				CLANG_WARN_BLOCK_CAPTURE_AUTORELEASING = YES;
				CLANG_WARN_BOOL_CONVERSION = YES;
				CLANG_WARN_COMMA = YES;
				CLANG_WARN_CONSTANT_CONVERSION = YES;
				CLANG_WARN_DEPRECATED_OBJC_IMPLEMENTATIONS = YES;
				CLANG_WARN_DIRECT_OBJC_ISA_USAGE = YES_ERROR;
				CLANG_WARN_DOCUMENTATION_COMMENTS = YES;
				CLANG_WARN_EMPTY_BODY = YES;
				CLANG_WARN_ENUM_CONVERSION = YES;
				CLANG_WARN_INFINITE_RECURSION = YES;
				CLANG_WARN_INT_CONVERSION = YES;
				CLANG_WARN_NON_LITERAL_NULL_CONVERSION = YES;
				CLANG_WARN_OBJC_IMPLICIT_RETAIN_SELF = YES;
				CLANG_WARN_OBJC_LITERAL_CONVERSION = YES;
				CLANG_WARN_OBJC_ROOT_CLASS = YES_ERROR;
				CLANG_WARN_QUOTED_INCLUDE_IN_FRAMEWORK_HEADER = YES;
				CLANG_WARN_RANGE_LOOP_ANALYSIS = YES;
				CLANG_WARN_STRICT_PROTOTYPES = YES;
				CLANG_WARN_SUSPICIOUS_MOVE = YES;
				CLANG_WARN_UNGUARDED_AVAILABILITY = YES_AGGRESSIVE;
				CLANG_WARN_UNREACHABLE_CODE = YES;
				CLANG_WARN__DUPLICATE_METHOD_MATCH = YES;
				COPY_PHASE_STRIP = NO;
				DEBUG_INFORMATION_FORMAT = "dwarf-with-dsym";
				ENABLE_NS_ASSERTIONS = NO;
				ENABLE_STRICT_OBJC_MSGSEND = YES;
				GCC_C_LANGUAGE_STANDARD = gnu11;
				GCC_NO_COMMON_BLOCKS = YES;
				GCC_WARN_64_TO_32_BIT_CONVERSION = YES;
				GCC_WARN_ABOUT_RETURN_TYPE = YES_ERROR;
				GCC_WARN_UNDECLARED_SELECTOR = YES;
				GCC_WARN_UNINITIALIZED_AUTOS = YES_AGGRESSIVE;
				GCC_WARN_UNUSED_FUNCTION = YES;
				GCC_WARN_UNUSED_VARIABLE = YES;
				IPHONEOS_DEPLOYMENT_TARGET = 15.0;
				MTL_ENABLE_DEBUG_INFO = NO;
				MTL_FAST_MATH = YES;
				SDKROOT = iphoneos;
				SWIFT_COMPILATION_MODE = wholemodule;
				SWIFT_OPTIMIZATION_LEVEL = "-O";
				VALIDATE_PRODUCT = YES;
			};
			name = Release;
		};
		3AED7F352733446F00369472 /* Debug */ = {
			isa = XCBuildConfiguration;
			buildSettings = {
				ASSETCATALOG_COMPILER_APPICON_NAME = AppIcon;
				ASSETCATALOG_COMPILER_GLOBAL_ACCENT_COLOR_NAME = AccentColor;
				CODE_SIGN_STYLE = Automatic;
				CURRENT_PROJECT_VERSION = 1;
				DEVELOPMENT_TEAM = SC2N5DFY9N;
				GENERATE_INFOPLIST_FILE = YES;
				INFOPLIST_FILE = Bookstore/Info.plist;
				INFOPLIST_KEY_UIApplicationSupportsIndirectInputEvents = YES;
				INFOPLIST_KEY_UILaunchStoryboardName = LaunchScreen;
				INFOPLIST_KEY_UIMainStoryboardFile = Main;
				INFOPLIST_KEY_UISupportedInterfaceOrientations_iPad = "UIInterfaceOrientationPortrait UIInterfaceOrientationPortraitUpsideDown UIInterfaceOrientationLandscapeLeft UIInterfaceOrientationLandscapeRight";
				INFOPLIST_KEY_UISupportedInterfaceOrientations_iPhone = "UIInterfaceOrientationPortrait UIInterfaceOrientationLandscapeLeft UIInterfaceOrientationLandscapeRight";
				LD_RUNPATH_SEARCH_PATHS = (
					"$(inherited)",
					"@executable_path/Frameworks",
				);
				MARKETING_VERSION = 1.0;
				PRODUCT_BUNDLE_IDENTIFIER = com.codepath.Bookstore;
				PRODUCT_NAME = "$(TARGET_NAME)";
				SWIFT_EMIT_LOC_STRINGS = YES;
				SWIFT_VERSION = 5.0;
				TARGETED_DEVICE_FAMILY = "1,2";
			};
			name = Debug;
		};
		3AED7F362733446F00369472 /* Release */ = {
			isa = XCBuildConfiguration;
			buildSettings = {
				ASSETCATALOG_COMPILER_APPICON_NAME = AppIcon;
				ASSETCATALOG_COMPILER_GLOBAL_ACCENT_COLOR_NAME = AccentColor;
				CODE_SIGN_STYLE = Automatic;
				CURRENT_PROJECT_VERSION = 1;
				DEVELOPMENT_TEAM = SC2N5DFY9N;
				GENERATE_INFOPLIST_FILE = YES;
				INFOPLIST_FILE = Bookstore/Info.plist;
				INFOPLIST_KEY_UIApplicationSupportsIndirectInputEvents = YES;
				INFOPLIST_KEY_UILaunchStoryboardName = LaunchScreen;
				INFOPLIST_KEY_UIMainStoryboardFile = Main;
				INFOPLIST_KEY_UISupportedInterfaceOrientations_iPad = "UIInterfaceOrientationPortrait UIInterfaceOrientationPortraitUpsideDown UIInterfaceOrientationLandscapeLeft UIInterfaceOrientationLandscapeRight";
				INFOPLIST_KEY_UISupportedInterfaceOrientations_iPhone = "UIInterfaceOrientationPortrait UIInterfaceOrientationLandscapeLeft UIInterfaceOrientationLandscapeRight";
				LD_RUNPATH_SEARCH_PATHS = (
					"$(inherited)",
					"@executable_path/Frameworks",
				);
				MARKETING_VERSION = 1.0;
				PRODUCT_BUNDLE_IDENTIFIER = com.codepath.Bookstore;
				PRODUCT_NAME = "$(TARGET_NAME)";
				SWIFT_EMIT_LOC_STRINGS = YES;
				SWIFT_VERSION = 5.0;
				TARGETED_DEVICE_FAMILY = "1,2";
			};
			name = Release;
		};
		3AED7F382733446F00369472 /* Debug */ = {
			isa = XCBuildConfiguration;
			buildSettings = {
				ALWAYS_EMBED_SWIFT_STANDARD_LIBRARIES = YES;
				BUNDLE_LOADER = "$(TEST_HOST)";
				CODE_SIGN_STYLE = Automatic;
				CURRENT_PROJECT_VERSION = 1;
				DEVELOPMENT_TEAM = SC2N5DFY9N;
				GENERATE_INFOPLIST_FILE = YES;
				IPHONEOS_DEPLOYMENT_TARGET = 15.0;
				LD_RUNPATH_SEARCH_PATHS = (
					"$(inherited)",
					"@executable_path/Frameworks",
					"@loader_path/Frameworks",
				);
				MARKETING_VERSION = 1.0;
				PRODUCT_BUNDLE_IDENTIFIER = com.codepath.BookstoreTests;
				PRODUCT_NAME = "$(TARGET_NAME)";
				SWIFT_EMIT_LOC_STRINGS = NO;
				SWIFT_VERSION = 5.0;
				TARGETED_DEVICE_FAMILY = "1,2";
				TEST_HOST = "$(BUILT_PRODUCTS_DIR)/Bookstore.app/Bookstore";
			};
			name = Debug;
		};
		3AED7F392733446F00369472 /* Release */ = {
			isa = XCBuildConfiguration;
			buildSettings = {
				ALWAYS_EMBED_SWIFT_STANDARD_LIBRARIES = YES;
				BUNDLE_LOADER = "$(TEST_HOST)";
				CODE_SIGN_STYLE = Automatic;
				CURRENT_PROJECT_VERSION = 1;
				DEVELOPMENT_TEAM = SC2N5DFY9N;
				GENERATE_INFOPLIST_FILE = YES;
				IPHONEOS_DEPLOYMENT_TARGET = 15.0;
				LD_RUNPATH_SEARCH_PATHS = (
					"$(inherited)",
					"@executable_path/Frameworks",
					"@loader_path/Frameworks",
				);
				MARKETING_VERSION = 1.0;
				PRODUCT_BUNDLE_IDENTIFIER = com.codepath.BookstoreTests;
				PRODUCT_NAME = "$(TARGET_NAME)";
				SWIFT_EMIT_LOC_STRINGS = NO;
				SWIFT_VERSION = 5.0;
				TARGETED_DEVICE_FAMILY = "1,2";
				TEST_HOST = "$(BUILT_PRODUCTS_DIR)/Bookstore.app/Bookstore";
			};
			name = Release;
		};
		3AED7F3B2733446F00369472 /* Debug */ = {
			isa = XCBuildConfiguration;
			buildSettings = {
				ALWAYS_EMBED_SWIFT_STANDARD_LIBRARIES = YES;
				CODE_SIGN_STYLE = Automatic;
				CURRENT_PROJECT_VERSION = 1;
				DEVELOPMENT_TEAM = SC2N5DFY9N;
				GENERATE_INFOPLIST_FILE = YES;
				LD_RUNPATH_SEARCH_PATHS = (
					"$(inherited)",
					"@executable_path/Frameworks",
					"@loader_path/Frameworks",
				);
				MARKETING_VERSION = 1.0;
				PRODUCT_BUNDLE_IDENTIFIER = com.codepath.BookstoreUITests;
				PRODUCT_NAME = "$(TARGET_NAME)";
				SWIFT_EMIT_LOC_STRINGS = NO;
				SWIFT_VERSION = 5.0;
				TARGETED_DEVICE_FAMILY = "1,2";
				TEST_TARGET_NAME = Bookstore;
			};
			name = Debug;
		};
		3AED7F3C2733446F00369472 /* Release */ = {
			isa = XCBuildConfiguration;
			buildSettings = {
				ALWAYS_EMBED_SWIFT_STANDARD_LIBRARIES = YES;
				CODE_SIGN_STYLE = Automatic;
				CURRENT_PROJECT_VERSION = 1;
				DEVELOPMENT_TEAM = SC2N5DFY9N;
				GENERATE_INFOPLIST_FILE = YES;
				LD_RUNPATH_SEARCH_PATHS = (
					"$(inherited)",
					"@executable_path/Frameworks",
					"@loader_path/Frameworks",
				);
				MARKETING_VERSION = 1.0;
				PRODUCT_BUNDLE_IDENTIFIER = com.codepath.BookstoreUITests;
				PRODUCT_NAME = "$(TARGET_NAME)";
				SWIFT_EMIT_LOC_STRINGS = NO;
				SWIFT_VERSION = 5.0;
				TARGETED_DEVICE_FAMILY = "1,2";
				TEST_TARGET_NAME = Bookstore;
			};
			name = Release;
		};
/* End XCBuildConfiguration section */

/* Begin XCConfigurationList section */
		3AED7F052733446E00369472 /* Build configuration list for PBXProject "Bookstore" */ = {
			isa = XCConfigurationList;
			buildConfigurations = (
				3AED7F322733446F00369472 /* Debug */,
				3AED7F332733446F00369472 /* Release */,
			);
			defaultConfigurationIsVisible = 0;
			defaultConfigurationName = Release;
		};
		3AED7F342733446F00369472 /* Build configuration list for PBXNativeTarget "Bookstore" */ = {
			isa = XCConfigurationList;
			buildConfigurations = (
				3AED7F352733446F00369472 /* Debug */,
				3AED7F362733446F00369472 /* Release */,
			);
			defaultConfigurationIsVisible = 0;
			defaultConfigurationName = Release;
		};
		3AED7F372733446F00369472 /* Build configuration list for PBXNativeTarget "BookstoreTests" */ = {
			isa = XCConfigurationList;
			buildConfigurations = (
				3AED7F382733446F00369472 /* Debug */,
				3AED7F392733446F00369472 /* Release */,
			);
			defaultConfigurationIsVisible = 0;
			defaultConfigurationName = Release;
		};
		3AED7F3A2733446F00369472 /* Build configuration list for PBXNativeTarget "BookstoreUITests" */ = {
			isa = XCConfigurationList;
			buildConfigurations = (
				3AED7F3B2733446F00369472 /* Debug */,
				3AED7F3C2733446F00369472 /* Release */,
			);
			defaultConfigurationIsVisible = 0;
			defaultConfigurationName = Release;
		};
/* End XCConfigurationList section */
	};
	rootObject = 3AED7F022733446E00369472 /* Project object */;
}
